
Microsoft Visual Studio Solution File, Format Version 12.00
# Visual Studio Version 17
VisualStudioVersion = 17.1.32328.378
MinimumVisualStudioVersion = 10.0.40219.1
Project("{8BC9CEB8-8B4A-11D0-8D11-00A0C91BC942}") = "Ranges", "Ranges\Ranges.vcxproj", "{8F945CAE-C15B-42FC-8C3A-F5E10FB872E8}"
EndProject
Project("{8BC9CEB8-8B4A-11D0-8D11-00A0C91BC942}") = "Views", "Views\Views.vcxproj", "{910577B5-7C12-4C43-B502-DCE3A81D73F9}"
EndProject
Project("{8BC9CEB8-8B4A-11D0-8D11-00A0C91BC942}") = "Projections", "Projections\Projections.vcxproj", "{527C2C61-1B02-44BA-8BC1-932DD58D8054}"
EndProject
Project("{8BC9CEB8-8B4A-11D0-8D11-00A0C91BC942}") = "KeysValuesViews", "KeysValuesViews\KeysValuesViews.vcxproj", "{6D3E72FA-E085-4686-8864-2AE9B368A7F0}"
EndProject
Global
	GlobalSection(SolutionConfigurationPlatforms) = preSolution
		Debug|x64 = Debug|x64
		Debug|x86 = Debug|x86
		Release|x64 = Release|x64
		Release|x86 = Release|x86
	EndGlobalSection
	GlobalSection(ProjectConfigurationPlatforms) = postSolution
		{8F945CAE-C15B-42FC-8C3A-F5E10FB872E8}.Debug|x64.ActiveCfg = Debug|x64
		{8F945CAE-C15B-42FC-8C3A-F5E10FB872E8}.Debug|x64.Build.0 = Debug|x64
		{8F945CAE-C15B-42FC-8C3A-F5E10FB872E8}.Debug|x86.ActiveCfg = Debug|Win32
		{8F945CAE-C15B-42FC-8C3A-F5E10FB872E8}.Debug|x86.Build.0 = Debug|Win32
		{8F945CAE-C15B-42FC-8C3A-F5E10FB872E8}.Release|x64.ActiveCfg = Release|x64
		{8F945CAE-C15B-42FC-8C3A-F5E10FB872E8}.Release|x64.Build.0 = Release|x64
		{8F945CAE-C15B-42FC-8C3A-F5E10FB872E8}.Release|x86.ActiveCfg = Release|Win32
		{8F945CAE-C15B-42FC-8C3A-F5E10FB872E8}.Release|x86.Build.0 = Release|Win32
		{910577B5-7C12-4C43-B502-DCE3A81D73F9}.Debug|x64.ActiveCfg = Debug|x64
		{910577B5-7C12-4C43-B502-DCE3A81D73F9}.Debug|x64.Build.0 = Debug|x64
		{910577B5-7C12-4C43-B502-DCE3A81D73F9}.Debug|x86.ActiveCfg = Debug|Win32
		{910577B5-7C12-4C43-B502-DCE3A81D73F9}.Debug|x86.Build.0 = Debug|Win32
		{910577B5-7C12-4C43-B502-DCE3A81D73F9}.Release|x64.ActiveCfg = Release|x64
		{910577B5-7C12-4C43-B502-DCE3A81D73F9}.Release|x64.Build.0 = Release|x64
		{910577B5-7C12-4C43-B502-DCE3A81D73F9}.Release|x86.ActiveCfg = Release|Win32
		{910577B5-7C12-4C43-B502-DCE3A81D73F9}.Release|x86.Build.0 = Release|Win32
		{527C2C61-1B02-44BA-8BC1-932DD58D8054}.Debug|x64.ActiveCfg = Debug|x64
		{527C2C61-1B02-44BA-8BC1-932DD58D8054}.Debug|x64.Build.0 = Debug|x64
		{527C2C61-1B02-44BA-8BC1-932DD58D8054}.Debug|x86.ActiveCfg = Debug|Win32
		{527C2C61-1B02-44BA-8BC1-932DD58D8054}.Debug|x86.Build.0 = Debug|Win32
		{527C2C61-1B02-44BA-8BC1-932DD58D8054}.Release|x64.ActiveCfg = Release|x64
		{527C2C61-1B02-44BA-8BC1-932DD58D8054}.Release|x64.Build.0 = Release|x64
		{527C2C61-1B02-44BA-8BC1-932DD58D8054}.Release|x86.ActiveCfg = Release|Win32
		{527C2C61-1B02-44BA-8BC1-932DD58D8054}.Release|x86.Build.0 = Release|Win32
		{6D3E72FA-E085-4686-8864-2AE9B368A7F0}.Debug|x64.ActiveCfg = Debug|x64
		{6D3E72FA-E085-4686-8864-2AE9B368A7F0}.Debug|x64.Build.0 = Debug|x64
		{6D3E72FA-E085-4686-8864-2AE9B368A7F0}.Debug|x86.ActiveCfg = Debug|Win32
		{6D3E72FA-E085-4686-8864-2AE9B368A7F0}.Debug|x86.Build.0 = Debug|Win32
		{6D3E72FA-E085-4686-8864-2AE9B368A7F0}.Release|x64.ActiveCfg = Release|x64
		{6D3E72FA-E085-4686-8864-2AE9B368A7F0}.Release|x64.Build.0 = Release|x64
		{6D3E72FA-E085-4686-8864-2AE9B368A7F0}.Release|x86.ActiveCfg = Release|Win32
		{6D3E72FA-E085-4686-8864-2AE9B368A7F0}.Release|x86.Build.0 = Release|Win32
	EndGlobalSection
	GlobalSection(SolutionProperties) = preSolution
		HideSolutionNode = FALSE
	EndGlobalSection
	GlobalSection(ExtensibilityGlobals) = postSolution
		SolutionGuid = {30DDE522-01AB-4F51-9540-45C3C28A5D84}
	EndGlobalSection
EndGlobal
